
Microsoft Visual Studio Solution File, Format Version 12.00
# Visual Studio Version 17
VisualStudioVersion = 17.0.31717.71
MinimumVisualStudioVersion = 10.0.40219.1
Project("{FAE04EC0-301F-11D3-BF4B-00C04F79EFBC}") = "Aandelenbeheer", "Aandelenbeheer\Aandelenbeheer.csproj", "{6EF6996D-BBF8-4F96-8944-BF4FB3796D05}"
EndProject
Project("{FAE04EC0-301F-11D3-BF4B-00C04F79EFBC}") = "AandelenBeheerData", "AandelenBeheerData\AandelenBeheerData.csproj", "{77CCA63B-51C2-481B-9A8E-F2C7BA232830}"
EndProject
Project("{FAE04EC0-301F-11D3-BF4B-00C04F79EFBC}") = "UseAdventureWorks", "UseAdventureWorks\UseAdventureWorks.csproj", "{2CB59B58-7CA5-4877-A583-B57C998F19B0}"
EndProject
Global
	GlobalSection(SolutionConfigurationPlatforms) = preSolution
		Debug|Any CPU = Debug|Any CPU
		Release|Any CPU = Release|Any CPU
	EndGlobalSection
	GlobalSection(ProjectConfigurationPlatforms) = postSolution
		{6EF6996D-BBF8-4F96-8944-BF4FB3796D05}.Debug|Any CPU.ActiveCfg = Debug|Any CPU
		{6EF6996D-BBF8-4F96-8944-BF4FB3796D05}.Debug|Any CPU.Build.0 = Debug|Any CPU
		{6EF6996D-BBF8-4F96-8944-BF4FB3796D05}.Release|Any CPU.ActiveCfg = Release|Any CPU
		{6EF6996D-BBF8-4F96-8944-BF4FB3796D05}.Release|Any CPU.Build.0 = Release|Any CPU
		{77CCA63B-51C2-481B-9A8E-F2C7BA232830}.Debug|Any CPU.ActiveCfg = Debug|Any CPU
		{77CCA63B-51C2-481B-9A8E-F2C7BA232830}.Debug|Any CPU.Build.0 = Debug|Any CPU
		{77CCA63B-51C2-481B-9A8E-F2C7BA232830}.Release|Any CPU.ActiveCfg = Release|Any CPU
		{77CCA63B-51C2-481B-9A8E-F2C7BA232830}.Release|Any CPU.Build.0 = Release|Any CPU
		{2CB59B58-7CA5-4877-A583-B57C998F19B0}.Debug|Any CPU.ActiveCfg = Debug|Any CPU
		{2CB59B58-7CA5-4877-A583-B57C998F19B0}.Debug|Any CPU.Build.0 = Debug|Any CPU
		{2CB59B58-7CA5-4877-A583-B57C998F19B0}.Release|Any CPU.ActiveCfg = Release|Any CPU
		{2CB59B58-7CA5-4877-A583-B57C998F19B0}.Release|Any CPU.Build.0 = Release|Any CPU
	EndGlobalSection
	GlobalSection(SolutionProperties) = preSolution
		HideSolutionNode = FALSE
	EndGlobalSection
	GlobalSection(ExtensibilityGlobals) = postSolution
		SolutionGuid = {B1E8A816-3A03-4873-954B-C9E7B1E32926}
	EndGlobalSection
EndGlobal
